version = 1
revision = 2
requires-python = "==3.12.*"

[[package]]
name = "aiohappyeyeballs"
version = "2.3.4"
source = { registry = "https://pypi.org/simple" }
sdist = { url = "https://files.pythonhosted.org/packages/3c/c1/52b8ecc87576f8b06fd5132e3ab8550209c958fb450e6d185b15835da82c/aiohappyeyeballs-2.3.4.tar.gz", hash = "sha256:7e1ae8399c320a8adec76f6c919ed5ceae6edd4c3672f4d9eae2b27e37c80ff6", size = 16278, upload-time = "2024-07-31T18:13:26.85Z" }
wheels = [
    { url = "https://files.pythonhosted.org/packages/93/fd/a19345071360a94345ebecaa268d6c6f56900687d91ef775fe2496a76100/aiohappyeyeballs-2.3.4-py3-none-any.whl", hash = "sha256:40a16ceffcf1fc9e142fd488123b2e218abc4188cf12ac20c67200e1579baa42", size = 12001, upload-time = "2024-07-31T18:13:25.413Z" },
]

[[package]]
name = "aiohttp"
version = "3.10.0"
source = { registry = "https://pypi.org/simple" }
dependencies = [
    { name = "aiohappyeyeballs" },
    { name = "aiosignal" },
    { name = "attrs" },
    { name = "frozenlist" },
    { name = "multidict" },
    { name = "yarl" },
]
sdist = { url = "https://files.pythonhosted.org/packages/bc/97/328a9e18e2bc229e5bf1391c9d5f6712104b2b5759c56f51fe03a1b702f1/aiohttp-3.10.0.tar.gz", hash = "sha256:e8dd7da2609303e3574c95b0ec9f1fd49647ef29b94701a2862cceae76382e1d", size = 7517100, upload-time = "2024-07-30T20:54:08.755Z" }
wheels = [
    { url = "https://files.pythonhosted.org/packages/ae/1c/aea628fb7f019e06e494ba8f2d6cdc3de754be31144ca38a63a8e6f82624/aiohttp-3.10.0-cp312-cp312-macosx_10_9_universal2.whl", hash = "sha256:21dab4a704c68dc7bc2a1219a4027158e8968e2079f1444eda2ba88bc9f2895f", size = 578942, upload-time = "2024-07-30T20:51:29.981Z" },
    { url = "https://files.pythonhosted.org/packages/61/3f/29ec54de049b9128ca0db6bb145b515e78f6cff6af75df95092d8124c788/aiohttp-3.10.0-cp312-cp312-macosx_10_9_x86_64.whl", hash = "sha256:872c0dcaccebd5733d535868fe2356aa6939f5827dcea7a8b9355bb2eff6f56e", size = 390632, upload-time = "2024-07-30T20:51:32.145Z" },
    { url = "https://files.pythonhosted.org/packages/2d/0d/04100b62c3ef4459a9cf199b16d2247d400d4bd57ffd1a81acc59f02ac93/aiohttp-3.10.0-cp312-cp312-macosx_11_0_arm64.whl", hash = "sha256:f381424dbce313bb5a666a215e7a9dcebbc533e9a2c467a1f0c95279d24d1fa7", size = 385281, upload-time = "2024-07-30T20:51:35.501Z" },
    { url = "https://files.pythonhosted.org/packages/ae/4c/3aad0f53a54cbff1980f3abaea5c9a0b6dea8b3ef9ecaad5b29ec3509b02/aiohttp-3.10.0-cp312-cp312-manylinux_2_17_aarch64.manylinux2014_aarch64.whl", hash = "sha256:9ca48e9f092a417c6669ee8d3a19d40b3c66dde1a2ae0d57e66c34812819b671", size = 1322946, upload-time = "2024-07-30T20:51:38.363Z" },
    { url = "https://files.pythonhosted.org/packages/ff/f7/68f4699d8db8a49ea57e894c4e2de83c4b47ce4d877ee03a954aeab189a7/aiohttp-3.10.0-cp312-cp312-manylinux_2_17_ppc64le.manylinux2014_ppc64le.whl", hash = "sha256:bbe2f6d0466f5c59c7258e0745c20d74806a1385fbb7963e5bbe2309a11cc69b", size = 1362593, upload-time = "2024-07-30T20:51:41.16Z" },
    { url = "https://files.pythonhosted.org/packages/96/fe/cfc587041fb19304559ce8d038f542fc7b60c11bb5566389bf8a2568c5fb/aiohttp-3.10.0-cp312-cp312-manylinux_2_17_s390x.manylinux2014_s390x.whl", hash = "sha256:03799a95402a7ed62671c4465e1eae51d749d5439dbc49edb6eee52ea165c50b", size = 1404707, upload-time = "2024-07-30T20:51:46.835Z" },
    { url = "https://files.pythonhosted.org/packages/e9/25/0b4b251273ccfc42788f3355125ba7073251dad0885f2825ec601336f9ff/aiohttp-3.10.0-cp312-cp312-manylinux_2_17_x86_64.manylinux2014_x86_64.whl", hash = "sha256:5549c71c35b5f057a4eebcc538c41299826f7813f28880722b60e41c861a57ec", size = 1318416, upload-time = "2024-07-30T20:51:48.992Z" },
    { url = "https://files.pythonhosted.org/packages/98/d8/9ea00946b9df51eef70eb64aca076eda5c556ed724ccae1cb64d8178b014/aiohttp-3.10.0-cp312-cp312-manylinux_2_5_i686.manylinux1_i686.manylinux_2_17_i686.manylinux2014_i686.whl", hash = "sha256:f6fa7a42b78d8698491dc4ad388169de54cca551aa9900f750547372de396277", size = 1270503, upload-time = "2024-07-30T20:51:51.399Z" },
    { url = "https://files.pythonhosted.org/packages/0f/7f/6ed1ddbb04b2a8ee1af4ea5900595441a966ebe9f39620b4f7afc373118f/aiohttp-3.10.0-cp312-cp312-musllinux_1_2_aarch64.whl", hash = "sha256:77bbf0a2f6fefac6c0db1792c234f577d80299a33ce7125467439097cf869198", size = 1285183, upload-time = "2024-07-30T20:51:54.221Z" },
    { url = "https://files.pythonhosted.org/packages/4a/ef/b12b6220d212b338d2780bc976845b2852321b5f683bd6691ee10ea855aa/aiohttp-3.10.0-cp312-cp312-musllinux_1_2_i686.whl", hash = "sha256:34eaf5cfcc979846d73571b1a4be22cad5e029d55cdbe77cdc7545caa4dcb925", size = 1287257, upload-time = "2024-07-30T20:52:01.64Z" },
    { url = "https://files.pythonhosted.org/packages/8b/16/fef1d445395141f5d887c6074c42fec68a772624535f5afb1c014b719708/aiohttp-3.10.0-cp312-cp312-musllinux_1_2_ppc64le.whl", hash = "sha256:4f1de31a585344a106db43a9c3af2e15bb82e053618ff759f1fdd31d82da38eb", size = 1333365, upload-time = "2024-07-30T20:52:04.359Z" },
    { url = "https://files.pythonhosted.org/packages/90/1c/d8aeb894ae7f7962efb5da7d6ed37b3b33adc29ea270ae5ebf35e7beaf69/aiohttp-3.10.0-cp312-cp312-musllinux_1_2_s390x.whl", hash = "sha256:f3a1ea61d96146e9b9e5597069466e2e4d9e01e09381c5dd51659f890d5e29e7", size = 1356466, upload-time = "2024-07-30T20:52:06.669Z" },
    { url = "https://files.pythonhosted.org/packages/37/46/cd78d7c3141818b650eb162c01284532ca91a0e9f4732c9221fe1483c245/aiohttp-3.10.0-cp312-cp312-musllinux_1_2_x86_64.whl", hash = "sha256:73c01201219eb039a828bb58dcc13112eec2fed6eea718356316cd552df26e04", size = 1321840, upload-time = "2024-07-30T20:52:11.32Z" },
    { url = "https://files.pythonhosted.org/packages/bb/47/5201240b769028647cc482f1ea20554a919b2f35b74e773953a5e92a912b/aiohttp-3.10.0-cp312-cp312-win32.whl", hash = "sha256:33e915971eee6d2056d15470a1214e4e0f72b6aad10225548a7ab4c4f54e2db7", size = 353240, upload-time = "2024-07-30T20:52:14.171Z" },
    { url = "https://files.pythonhosted.org/packages/8c/f0/8dc6d5662d8f0535c2d9388448155ea8e02b89574b501cb0e32addda9241/aiohttp-3.10.0-cp312-cp312-win_amd64.whl", hash = "sha256:2dc75da06c35a7b47a88ceadbf993a53d77d66423c2a78de8c6f9fb41ec35687", size = 373960, upload-time = "2024-07-30T20:52:16.53Z" },
]

[[package]]
name = "aiosignal"
version = "1.3.1"
source = { registry = "https://pypi.org/simple" }
dependencies = [
    { name = "frozenlist" },
]
sdist = { url = "https://files.pythonhosted.org/packages/ae/67/0952ed97a9793b4958e5736f6d2b346b414a2cd63e82d05940032f45b32f/aiosignal-1.3.1.tar.gz", hash = "sha256:54cd96e15e1649b75d6c87526a6ff0b6c1b0dd3459f43d9ca11d48c339b68cfc", size = 19422, upload-time = "2022-11-08T16:03:58.806Z" }
wheels = [
    { url = "https://files.pythonhosted.org/packages/76/ac/a7305707cb852b7e16ff80eaf5692309bde30e2b1100a1fcacdc8f731d97/aiosignal-1.3.1-py3-none-any.whl", hash = "sha256:f8376fb07dd1e86a584e4fcdec80b36b7f81aac666ebc724e2c090300dd83b17", size = 7617, upload-time = "2022-11-08T16:03:57.483Z" },
]

[[package]]
name = "attrs"
version = "24.1.0"
source = { registry = "https://pypi.org/simple" }
sdist = { url = "https://files.pythonhosted.org/packages/39/31/ca3e2de55503d8ad75985865629f69a2c376a44428c5df1450b749d30751/attrs-24.1.0.tar.gz", hash = "sha256:adbdec84af72d38be7628e353a09b6a6790d15cd71819f6e9d7b0faa8a125745", size = 792572, upload-time = "2024-08-03T14:30:20.623Z" }
wheels = [
    { url = "https://files.pythonhosted.org/packages/9b/2b/913eda7a67f7bea7496c1a8e1666f48aa9f15520da79368e4ec1109e2690/attrs-24.1.0-py3-none-any.whl", hash = "sha256:377b47448cb61fea38533f671fba0d0f8a96fd58facd4dc518e3dac9dbea0905", size = 63880, upload-time = "2024-08-03T14:30:18.451Z" },
]

[[package]]
name = "cfgv"
version = "3.4.0"
source = { registry = "https://pypi.org/simple" }
sdist = { url = "https://files.pythonhosted.org/packages/11/74/539e56497d9bd1d484fd863dd69cbbfa653cd2aa27abfe35653494d85e94/cfgv-3.4.0.tar.gz", hash = "sha256:e52591d4c5f5dead8e0f673fb16db7949d2cfb3f7da4582893288f0ded8fe560", size = 7114, upload-time = "2023-08-12T20:38:17.776Z" }
wheels = [
    { url = "https://files.pythonhosted.org/packages/c5/55/51844dd50c4fc7a33b653bfaba4c2456f06955289ca770a5dbd5fd267374/cfgv-3.4.0-py2.py3-none-any.whl", hash = "sha256:b7265b1f29fd3316bfcd2b330d63d024f2bfd8bcb8b0272f8e19a504856c48f9", size = 7249, upload-time = "2023-08-12T20:38:16.269Z" },
]

[[package]]
name = "distlib"
version = "0.3.9"
source = { registry = "https://pypi.org/simple" }
sdist = { url = "https://files.pythonhosted.org/packages/0d/dd/1bec4c5ddb504ca60fc29472f3d27e8d4da1257a854e1d96742f15c1d02d/distlib-0.3.9.tar.gz", hash = "sha256:a60f20dea646b8a33f3e7772f74dc0b2d0772d2837ee1342a00645c81edf9403", size = 613923, upload-time = "2024-10-09T18:35:47.551Z" }
wheels = [
    { url = "https://files.pythonhosted.org/packages/91/a1/cf2472db20f7ce4a6be1253a81cfdf85ad9c7885ffbed7047fb72c24cf87/distlib-0.3.9-py2.py3-none-any.whl", hash = "sha256:47f8c22fd27c27e25a65601af709b38e4f0a45ea4fc2e710f65755fa8caaaf87", size = 468973, upload-time = "2024-10-09T18:35:44.272Z" },
]

[[package]]
name = "filelock"
version = "3.17.0"
source = { registry = "https://pypi.org/simple" }
sdist = { url = "https://files.pythonhosted.org/packages/dc/9c/0b15fb47b464e1b663b1acd1253a062aa5feecb07d4e597daea542ebd2b5/filelock-3.17.0.tar.gz", hash = "sha256:ee4e77401ef576ebb38cd7f13b9b28893194acc20a8e68e18730ba9c0e54660e", size = 18027, upload-time = "2025-01-21T20:04:49.099Z" }
wheels = [
    { url = "https://files.pythonhosted.org/packages/89/ec/00d68c4ddfedfe64159999e5f8a98fb8442729a63e2077eb9dcd89623d27/filelock-3.17.0-py3-none-any.whl", hash = "sha256:533dc2f7ba78dc2f0f531fc6c4940addf7b70a481e269a5a3b93be94ffbe8338", size = 16164, upload-time = "2025-01-21T20:04:47.734Z" },
]

[[package]]
name = "frozenlist"
version = "1.4.1"
source = { registry = "https://pypi.org/simple" }
sdist = { url = "https://files.pythonhosted.org/packages/cf/3d/2102257e7acad73efc4a0c306ad3953f68c504c16982bbdfee3ad75d8085/frozenlist-1.4.1.tar.gz", hash = "sha256:c037a86e8513059a2613aaba4d817bb90b9d9b6b69aace3ce9c877e8c8ed402b", size = 37820, upload-time = "2023-12-15T08:42:23.355Z" }
wheels = [
    { url = "https://files.pythonhosted.org/packages/b4/db/4cf37556a735bcdb2582f2c3fa286aefde2322f92d3141e087b8aeb27177/frozenlist-1.4.1-cp312-cp312-macosx_10_9_universal2.whl", hash = "sha256:1979bc0aeb89b33b588c51c54ab0161791149f2461ea7c7c946d95d5f93b56ae", size = 93937, upload-time = "2023-12-15T08:41:16.085Z" },
    { url = "https://files.pythonhosted.org/packages/46/03/69eb64642ca8c05f30aa5931d6c55e50b43d0cd13256fdd01510a1f85221/frozenlist-1.4.1-cp312-cp312-macosx_10_9_x86_64.whl", hash = "sha256:cc7b01b3754ea68a62bd77ce6020afaffb44a590c2289089289363472d13aedb", size = 53656, upload-time = "2023-12-15T08:41:17.442Z" },
    { url = "https://files.pythonhosted.org/packages/3f/ab/c543c13824a615955f57e082c8a5ee122d2d5368e80084f2834e6f4feced/frozenlist-1.4.1-cp312-cp312-macosx_11_0_arm64.whl", hash = "sha256:c9c92be9fd329ac801cc420e08452b70e7aeab94ea4233a4804f0915c14eba9b", size = 51868, upload-time = "2023-12-15T08:41:19.371Z" },
    { url = "https://files.pythonhosted.org/packages/a9/b8/438cfd92be2a124da8259b13409224d9b19ef8f5a5b2507174fc7e7ea18f/frozenlist-1.4.1-cp312-cp312-manylinux_2_17_aarch64.manylinux2014_aarch64.whl", hash = "sha256:5c3894db91f5a489fc8fa6a9991820f368f0b3cbdb9cd8849547ccfab3392d86", size = 280652, upload-time = "2023-12-15T08:41:20.602Z" },
    { url = "https://files.pythonhosted.org/packages/54/72/716a955521b97a25d48315c6c3653f981041ce7a17ff79f701298195bca3/frozenlist-1.4.1-cp312-cp312-manylinux_2_17_ppc64le.manylinux2014_ppc64le.whl", hash = "sha256:ba60bb19387e13597fb059f32cd4d59445d7b18b69a745b8f8e5db0346f33480", size = 286739, upload-time = "2023-12-15T08:41:21.991Z" },
    { url = "https://files.pythonhosted.org/packages/65/d8/934c08103637567084568e4d5b4219c1016c60b4d29353b1a5b3587827d6/frozenlist-1.4.1-cp312-cp312-manylinux_2_17_s390x.manylinux2014_s390x.whl", hash = "sha256:8aefbba5f69d42246543407ed2461db31006b0f76c4e32dfd6f42215a2c41d09", size = 289447, upload-time = "2023-12-15T08:41:23.307Z" },
    { url = "https://files.pythonhosted.org/packages/70/bb/d3b98d83ec6ef88f9bd63d77104a305d68a146fd63a683569ea44c3085f6/frozenlist-1.4.1-cp312-cp312-manylinux_2_5_i686.manylinux1_i686.manylinux_2_17_i686.manylinux2014_i686.whl", hash = "sha256:780d3a35680ced9ce682fbcf4cb9c2bad3136eeff760ab33707b71db84664e3a", size = 265466, upload-time = "2023-12-15T08:41:24.785Z" },
    { url = "https://files.pythonhosted.org/packages/0b/f2/b8158a0f06faefec33f4dff6345a575c18095a44e52d4f10c678c137d0e0/frozenlist-1.4.1-cp312-cp312-manylinux_2_5_x86_64.manylinux1_x86_64.manylinux_2_17_x86_64.manylinux2014_x86_64.whl", hash = "sha256:9acbb16f06fe7f52f441bb6f413ebae6c37baa6ef9edd49cdd567216da8600cd", size = 281530, upload-time = "2023-12-15T08:41:26.113Z" },
    { url = "https://files.pythonhosted.org/packages/ea/a2/20882c251e61be653764038ece62029bfb34bd5b842724fff32a5b7a2894/frozenlist-1.4.1-cp312-cp312-musllinux_1_1_aarch64.whl", hash = "sha256:23b701e65c7b36e4bf15546a89279bd4d8675faabc287d06bbcfac7d3c33e1e6", size = 281295, upload-time = "2023-12-15T08:41:27.623Z" },
    { url = "https://files.pythonhosted.org/packages/4c/f9/8894c05dc927af2a09663bdf31914d4fb5501653f240a5bbaf1e88cab1d3/frozenlist-1.4.1-cp312-cp312-musllinux_1_1_i686.whl", hash = "sha256:3e0153a805a98f5ada7e09826255ba99fb4f7524bb81bf6b47fb702666484ae1", size = 268054, upload-time = "2023-12-15T08:41:28.912Z" },
    { url = "https://files.pythonhosted.org/packages/37/ff/a613e58452b60166507d731812f3be253eb1229808e59980f0405d1eafbf/frozenlist-1.4.1-cp312-cp312-musllinux_1_1_ppc64le.whl", hash = "sha256:dd9b1baec094d91bf36ec729445f7769d0d0cf6b64d04d86e45baf89e2b9059b", size = 286904, upload-time = "2023-12-15T08:41:30.309Z" },
    { url = "https://files.pythonhosted.org/packages/cc/6e/0091d785187f4c2020d5245796d04213f2261ad097e0c1cf35c44317d517/frozenlist-1.4.1-cp312-cp312-musllinux_1_1_s390x.whl", hash = "sha256:1a4471094e146b6790f61b98616ab8e44f72661879cc63fa1049d13ef711e71e", size = 290754, upload-time = "2023-12-15T08:41:31.587Z" },
    { url = "https://files.pythonhosted.org/packages/a5/c2/e42ad54bae8bcffee22d1e12a8ee6c7717f7d5b5019261a8c861854f4776/frozenlist-1.4.1-cp312-cp312-musllinux_1_1_x86_64.whl", hash = "sha256:5667ed53d68d91920defdf4035d1cdaa3c3121dc0b113255124bcfada1cfa1b8", size = 282602, upload-time = "2023-12-15T08:41:32.902Z" },
    { url = "https://files.pythonhosted.org/packages/b6/61/56bad8cb94f0357c4bc134acc30822e90e203b5cb8ff82179947de90c17f/frozenlist-1.4.1-cp312-cp312-win32.whl", hash = "sha256:beee944ae828747fd7cb216a70f120767fc9f4f00bacae8543c14a6831673f89", size = 44063, upload-time = "2023-12-15T08:41:34.599Z" },
    { url = "https://files.pythonhosted.org/packages/3e/dc/96647994a013bc72f3d453abab18340b7f5e222b7b7291e3697ca1fcfbd5/frozenlist-1.4.1-cp312-cp312-win_amd64.whl", hash = "sha256:64536573d0a2cb6e625cf309984e2d873979709f2cf22839bf2d61790b448ad5", size = 50452, upload-time = "2023-12-15T08:41:36.278Z" },
    { url = "https://files.pythonhosted.org/packages/83/10/466fe96dae1bff622021ee687f68e5524d6392b0a2f80d05001cd3a451ba/frozenlist-1.4.1-py3-none-any.whl", hash = "sha256:04ced3e6a46b4cfffe20f9ae482818e34eba9b5fb0ce4056e4cc9b6e212d09b7", size = 11552, upload-time = "2023-12-15T08:42:22.294Z" },
]

[[package]]
name = "identify"
version = "2.6.8"
source = { registry = "https://pypi.org/simple" }
sdist = { url = "https://files.pythonhosted.org/packages/f9/fa/5eb460539e6f5252a7c5a931b53426e49258cde17e3d50685031c300a8fd/identify-2.6.8.tar.gz", hash = "sha256:61491417ea2c0c5c670484fd8abbb34de34cdae1e5f39a73ee65e48e4bb663fc", size = 99249, upload-time = "2025-02-22T17:54:42.151Z" }
wheels = [
    { url = "https://files.pythonhosted.org/packages/78/8c/4bfcab2d8286473b8d83ea742716f4b79290172e75f91142bc1534b05b9a/identify-2.6.8-py2.py3-none-any.whl", hash = "sha256:83657f0f766a3c8d0eaea16d4ef42494b39b34629a4b3192a9d020d349b3e255", size = 99109, upload-time = "2025-02-22T17:54:40.088Z" },
]

[[package]]
name = "idna"
version = "3.7"
source = { registry = "https://pypi.org/simple" }
sdist = { url = "https://files.pythonhosted.org/packages/21/ed/f86a79a07470cb07819390452f178b3bef1d375f2ec021ecfc709fc7cf07/idna-3.7.tar.gz", hash = "sha256:028ff3aadf0609c1fd278d8ea3089299412a7a8b9bd005dd08b9f8285bcb5cfc", size = 189575, upload-time = "2024-04-11T03:34:43.276Z" }
wheels = [
    { url = "https://files.pythonhosted.org/packages/e5/3e/741d8c82801c347547f8a2a06aa57dbb1992be9e948df2ea0eda2c8b79e8/idna-3.7-py3-none-any.whl", hash = "sha256:82fee1fc78add43492d3a1898bfa6d8a904cc97d8427f683ed8e798d07761aa0", size = 66836, upload-time = "2024-04-11T03:34:41.447Z" },
]

[[package]]
name = "mdbf"
version = "0.4.1"
source = { editable = "." }
dependencies = [
    { name = "py-cord" },
    { name = "pyyaml" },
    { name = "toml" },
]

[package.dev-dependencies]
dev = [
    { name = "pre-commit" },
    { name = "ruff" },
    { name = "types-pyyaml" },
    { name = "types-toml" },
]

[package.metadata]
requires-dist = [
    { name = "py-cord", specifier = ">=2.6.0,<3" },
    { name = "pyyaml", specifier = ">=6.0.1,<7" },
    { name = "toml", specifier = ">=0.10.2,<0.11" },
]

[package.metadata.requires-dev]
dev = [
    { name = "pre-commit", specifier = "~=4.1.0" },
    { name = "ruff", specifier = ">=0.12.5" },
    { name = "types-pyyaml", specifier = ">=6.0.12.20250516" },
    { name = "types-toml", specifier = ">=0.10.8.20240310" },
]

[[package]]
name = "multidict"
version = "6.0.5"
source = { registry = "https://pypi.org/simple" }
sdist = { url = "https://files.pythonhosted.org/packages/f9/79/722ca999a3a09a63b35aac12ec27dfa8e5bb3a38b0f857f7a1a209a88836/multidict-6.0.5.tar.gz", hash = "sha256:f7e301075edaf50500f0b341543c41194d8df3ae5caf4702f2095f3ca73dd8da", size = 59867, upload-time = "2024-02-01T20:46:01.455Z" }
wheels = [
    { url = "https://files.pythonhosted.org/packages/90/9c/7fda9c0defa09538c97b1f195394be82a1f53238536f70b32eb5399dfd4e/multidict-6.0.5-cp312-cp312-macosx_10_9_universal2.whl", hash = "sha256:51d035609b86722963404f711db441cf7134f1889107fb171a970c9701f92e1e", size = 49575, upload-time = "2024-02-01T20:44:11.928Z" },
    { url = "https://files.pythonhosted.org/packages/be/21/d6ca80dd1b9b2c5605ff7475699a8ff5dc6ea958cd71fb2ff234afc13d79/multidict-6.0.5-cp312-cp312-macosx_10_9_x86_64.whl", hash = "sha256:cbebcd5bcaf1eaf302617c114aa67569dd3f090dd0ce8ba9e35e9985b41ac35b", size = 29638, upload-time = "2024-02-01T20:44:14.173Z" },
    { url = "https://files.pythonhosted.org/packages/9c/18/9565f32c19d186168731e859692dfbc0e98f66a1dcf9e14d69c02a78b75a/multidict-6.0.5-cp312-cp312-macosx_11_0_arm64.whl", hash = "sha256:2ffc42c922dbfddb4a4c3b438eb056828719f07608af27d163191cb3e3aa6cc5", size = 29874, upload-time = "2024-02-01T20:44:15.768Z" },
    { url = "https://files.pythonhosted.org/packages/4e/4e/3815190e73e6ef101b5681c174c541bf972a1b064e926e56eea78d06e858/multidict-6.0.5-cp312-cp312-manylinux_2_17_aarch64.manylinux2014_aarch64.whl", hash = "sha256:ceb3b7e6a0135e092de86110c5a74e46bda4bd4fbfeeb3a3bcec79c0f861e450", size = 129914, upload-time = "2024-02-01T20:44:17.303Z" },
    { url = "https://files.pythonhosted.org/packages/0c/08/bb47f886457e2259aefc10044e45c8a1b62f0c27228557e17775869d0341/multidict-6.0.5-cp312-cp312-manylinux_2_17_ppc64le.manylinux2014_ppc64le.whl", hash = "sha256:79660376075cfd4b2c80f295528aa6beb2058fd289f4c9252f986751a4cd0496", size = 134589, upload-time = "2024-02-01T20:44:18.95Z" },
    { url = "https://files.pythonhosted.org/packages/d5/2f/952f79b5f0795cf4e34852fc5cf4dfda6166f63c06c798361215b69c131d/multidict-6.0.5-cp312-cp312-manylinux_2_17_s390x.manylinux2014_s390x.whl", hash = "sha256:e4428b29611e989719874670fd152b6625500ad6c686d464e99f5aaeeaca175a", size = 133259, upload-time = "2024-02-01T20:44:20.603Z" },
    { url = "https://files.pythonhosted.org/packages/24/1f/af976383b0b772dd351210af5b60ff9927e3abb2f4a103e93da19a957da0/multidict-6.0.5-cp312-cp312-manylinux_2_17_x86_64.manylinux2014_x86_64.whl", hash = "sha256:d84a5c3a5f7ce6db1f999fb9438f686bc2e09d38143f2d93d8406ed2dd6b9226", size = 130779, upload-time = "2024-02-01T20:44:22.2Z" },
    { url = "https://files.pythonhosted.org/packages/fc/b1/b0a7744be00b0f5045c7ed4e4a6b8ee6bde4672b2c620474712299df5979/multidict-6.0.5-cp312-cp312-manylinux_2_5_i686.manylinux1_i686.manylinux_2_17_i686.manylinux2014_i686.whl", hash = "sha256:76c0de87358b192de7ea9649beb392f107dcad9ad27276324c24c91774ca5271", size = 120125, upload-time = "2024-02-01T20:44:23.803Z" },
    { url = "https://files.pythonhosted.org/packages/d0/bf/2a1d667acf11231cdf0b97a6cd9f30e7a5cf847037b5cf6da44884284bd0/multidict-6.0.5-cp312-cp312-musllinux_1_1_aarch64.whl", hash = "sha256:79a6d2ba910adb2cbafc95dad936f8b9386e77c84c35bc0add315b856d7c3abb", size = 167095, upload-time = "2024-02-01T20:44:25.679Z" },
    { url = "https://files.pythonhosted.org/packages/5e/e8/ad6ee74b1a2050d3bc78f566dabcc14c8bf89cbe87eecec866c011479815/multidict-6.0.5-cp312-cp312-musllinux_1_1_i686.whl", hash = "sha256:92d16a3e275e38293623ebf639c471d3e03bb20b8ebb845237e0d3664914caef", size = 155823, upload-time = "2024-02-01T20:44:27.148Z" },
    { url = "https://files.pythonhosted.org/packages/45/7c/06926bb91752c52abca3edbfefac1ea90d9d1bc00c84d0658c137589b920/multidict-6.0.5-cp312-cp312-musllinux_1_1_ppc64le.whl", hash = "sha256:fb616be3538599e797a2017cccca78e354c767165e8858ab5116813146041a24", size = 170233, upload-time = "2024-02-01T20:44:28.663Z" },
    { url = "https://files.pythonhosted.org/packages/3c/29/3dd36cf6b9c5abba8b97bba84eb499a168ba59c3faec8829327b3887d123/multidict-6.0.5-cp312-cp312-musllinux_1_1_s390x.whl", hash = "sha256:14c2976aa9038c2629efa2c148022ed5eb4cb939e15ec7aace7ca932f48f9ba6", size = 169035, upload-time = "2024-02-01T20:44:30.738Z" },
    { url = "https://files.pythonhosted.org/packages/60/47/9a0f43470c70bbf6e148311f78ef5a3d4996b0226b6d295bdd50fdcfe387/multidict-6.0.5-cp312-cp312-musllinux_1_1_x86_64.whl", hash = "sha256:435a0984199d81ca178b9ae2c26ec3d49692d20ee29bc4c11a2a8d4514c67eda", size = 166229, upload-time = "2024-02-01T20:44:32.222Z" },
    { url = "https://files.pythonhosted.org/packages/1d/23/c1b7ae7a0b8a3e08225284ef3ecbcf014b292a3ee821bc4ed2185fd4ce7d/multidict-6.0.5-cp312-cp312-win32.whl", hash = "sha256:9fe7b0653ba3d9d65cbe7698cca585bf0f8c83dbbcc710db9c90f478e175f2d5", size = 25840, upload-time = "2024-02-01T20:44:35.583Z" },
    { url = "https://files.pythonhosted.org/packages/4a/68/66fceb758ad7a88993940dbdf3ac59911ba9dc46d7798bf6c8652f89f853/multidict-6.0.5-cp312-cp312-win_amd64.whl", hash = "sha256:01265f5e40f5a17f8241d52656ed27192be03bfa8764d88e8220141d1e4b3556", size = 27905, upload-time = "2024-02-01T20:44:36.883Z" },
    { url = "https://files.pythonhosted.org/packages/fa/a2/17e1e23c6be0a916219c5292f509360c345b5fa6beeb50d743203c27532c/multidict-6.0.5-py3-none-any.whl", hash = "sha256:0d63c74e3d7ab26de115c49bffc92cc77ed23395303d496eae515d4204a625e7", size = 9729, upload-time = "2024-02-01T20:45:59.309Z" },
]

[[package]]
name = "nodeenv"
version = "1.9.1"
source = { registry = "https://pypi.org/simple" }
sdist = { url = "https://files.pythonhosted.org/packages/43/16/fc88b08840de0e0a72a2f9d8c6bae36be573e475a6326ae854bcc549fc45/nodeenv-1.9.1.tar.gz", hash = "sha256:6ec12890a2dab7946721edbfbcd91f3319c6ccc9aec47be7c7e6b7011ee6645f", size = 47437, upload-time = "2024-06-04T18:44:11.171Z" }
wheels = [
    { url = "https://files.pythonhosted.org/packages/d2/1d/1b658dbd2b9fa9c4c9f32accbfc0205d532c8c6194dc0f2a4c0428e7128a/nodeenv-1.9.1-py2.py3-none-any.whl", hash = "sha256:ba11c9782d29c27c70ffbdda2d7415098754709be8a7056d79a737cd901155c9", size = 22314, upload-time = "2024-06-04T18:44:08.352Z" },
]

[[package]]
name = "platformdirs"
version = "4.3.6"
source = { registry = "https://pypi.org/simple" }
sdist = { url = "https://files.pythonhosted.org/packages/13/fc/128cc9cb8f03208bdbf93d3aa862e16d376844a14f9a0ce5cf4507372de4/platformdirs-4.3.6.tar.gz", hash = "sha256:357fb2acbc885b0419afd3ce3ed34564c13c9b95c89360cd9563f73aa5e2b907", size = 21302, upload-time = "2024-09-17T19:06:50.688Z" }
wheels = [
    { url = "https://files.pythonhosted.org/packages/3c/a6/bc1012356d8ece4d66dd75c4b9fc6c1f6650ddd5991e421177d9f8f671be/platformdirs-4.3.6-py3-none-any.whl", hash = "sha256:73e575e1408ab8103900836b97580d5307456908a03e92031bab39e4554cc3fb", size = 18439, upload-time = "2024-09-17T19:06:49.212Z" },
]

[[package]]
name = "pre-commit"
version = "4.1.0"
source = { registry = "https://pypi.org/simple" }
dependencies = [
    { name = "cfgv" },
    { name = "identify" },
    { name = "nodeenv" },
    { name = "pyyaml" },
    { name = "virtualenv" },
]
sdist = { url = "https://files.pythonhosted.org/packages/2a/13/b62d075317d8686071eb843f0bb1f195eb332f48869d3c31a4c6f1e063ac/pre_commit-4.1.0.tar.gz", hash = "sha256:ae3f018575a588e30dfddfab9a05448bfbd6b73d78709617b5a2b853549716d4", size = 193330, upload-time = "2025-01-20T18:31:48.681Z" }
wheels = [
    { url = "https://files.pythonhosted.org/packages/43/b3/df14c580d82b9627d173ceea305ba898dca135feb360b6d84019d0803d3b/pre_commit-4.1.0-py2.py3-none-any.whl", hash = "sha256:d29e7cb346295bcc1cc75fc3e92e343495e3ea0196c9ec6ba53f49f10ab6ae7b", size = 220560, upload-time = "2025-01-20T18:31:47.319Z" },
]

[[package]]
name = "py-cord"
version = "2.6.0"
source = { registry = "https://pypi.org/simple" }
dependencies = [
    { name = "aiohttp" },
]
sdist = { url = "https://files.pythonhosted.org/packages/32/42/55b2d5071ecf96371807942b22bc620068baf04fc25436a6ee7bbd821448/py_cord-2.6.0.tar.gz", hash = "sha256:bbc0349542965d05e4b18cc4424136206430a8cc911fda12a0a57df6fdf9cd9c", size = 964315, upload-time = "2024-07-09T18:25:08.809Z" }
wheels = [
    { url = "https://files.pythonhosted.org/packages/f5/31/9051f9fe637872249e4cd4e5f9bc7f5d75885bb05fbcfc5319747bef8159/py_cord-2.6.0-py3-none-any.whl", hash = "sha256:906cc077904a4d478af0264ae4374b0412ed9f9ab950d0162c4f31239a906d26", size = 1088843, upload-time = "2024-07-09T18:25:01.58Z" },
]

[[package]]
name = "pyyaml"
version = "6.0.1"
source = { registry = "https://pypi.org/simple" }
sdist = { url = "https://files.pythonhosted.org/packages/cd/e5/af35f7ea75cf72f2cd079c95ee16797de7cd71f29ea7c68ae5ce7be1eda0/PyYAML-6.0.1.tar.gz", hash = "sha256:bfdf460b1736c775f2ba9f6a92bca30bc2095067b8a9d77876d1fad6cc3b4a43", size = 125201, upload-time = "2023-07-18T00:00:23.308Z" }
wheels = [
    { url = "https://files.pythonhosted.org/packages/bc/06/1b305bf6aa704343be85444c9d011f626c763abb40c0edc1cad13bfd7f86/PyYAML-6.0.1-cp312-cp312-macosx_10_9_x86_64.whl", hash = "sha256:855fb52b0dc35af121542a76b9a84f8d1cd886ea97c84703eaa6d88e37a2ad28", size = 178692, upload-time = "2023-08-28T18:43:24.924Z" },
    { url = "https://files.pythonhosted.org/packages/84/02/404de95ced348b73dd84f70e15a41843d817ff8c1744516bf78358f2ffd2/PyYAML-6.0.1-cp312-cp312-macosx_11_0_arm64.whl", hash = "sha256:40df9b996c2b73138957fe23a16a4f0ba614f4c0efce1e9406a184b6d07fa3a9", size = 165622, upload-time = "2023-08-28T18:43:26.54Z" },
    { url = "https://files.pythonhosted.org/packages/c7/4c/4a2908632fc980da6d918b9de9c1d9d7d7e70b2672b1ad5166ed27841ef7/PyYAML-6.0.1-cp312-cp312-manylinux_2_17_aarch64.manylinux2014_aarch64.whl", hash = "sha256:a08c6f0fe150303c1c6b71ebcd7213c2858041a7e01975da3a99aed1e7a378ef", size = 696937, upload-time = "2024-01-18T20:40:22.92Z" },
    { url = "https://files.pythonhosted.org/packages/b4/33/720548182ffa8344418126017aa1d4ab4aeec9a2275f04ce3f3573d8ace8/PyYAML-6.0.1-cp312-cp312-manylinux_2_17_x86_64.manylinux2014_x86_64.whl", hash = "sha256:6c22bec3fbe2524cde73d7ada88f6566758a8f7227bfbf93a408a9d86bcc12a0", size = 724969, upload-time = "2023-08-28T18:43:28.56Z" },
    { url = "https://files.pythonhosted.org/packages/4f/78/77b40157b6cb5f2d3d31a3d9b2efd1ba3505371f76730d267e8b32cf4b7f/PyYAML-6.0.1-cp312-cp312-musllinux_1_1_x86_64.whl", hash = "sha256:8d4e9c88387b0f5c7d5f281e55304de64cf7f9c0021a3525bd3b1c542da3b0e4", size = 712604, upload-time = "2023-08-28T18:43:30.206Z" },
    { url = "https://files.pythonhosted.org/packages/2e/97/3e0e089ee85e840f4b15bfa00e4e63d84a3691ababbfea92d6f820ea6f21/PyYAML-6.0.1-cp312-cp312-win32.whl", hash = "sha256:d483d2cdf104e7c9fa60c544d92981f12ad66a457afae824d146093b8c294c54", size = 126098, upload-time = "2023-08-28T18:43:31.835Z" },
    { url = "https://files.pythonhosted.org/packages/2b/9f/fbade56564ad486809c27b322d0f7e6a89c01f6b4fe208402e90d4443a99/PyYAML-6.0.1-cp312-cp312-win_amd64.whl", hash = "sha256:0d3304d8c0adc42be59c5f8a4d9e3d7379e6955ad754aa9d6ab7a398b59dd1df", size = 138675, upload-time = "2023-08-28T18:43:33.613Z" },
]

[[package]]
name = "ruff"
version = "0.12.5"
source = { registry = "https://pypi.org/simple" }
sdist = { url = "https://files.pythonhosted.org/packages/30/cd/01015eb5034605fd98d829c5839ec2c6b4582b479707f7c1c2af861e8258/ruff-0.12.5.tar.gz", hash = "sha256:b209db6102b66f13625940b7f8c7d0f18e20039bb7f6101fbdac935c9612057e", size = 5170722, upload-time = "2025-07-24T13:26:37.456Z" }
wheels = [
    { url = "https://files.pythonhosted.org/packages/d4/de/ad2f68f0798ff15dd8c0bcc2889558970d9a685b3249565a937cd820ad34/ruff-0.12.5-py3-none-linux_armv6l.whl", hash = "sha256:1de2c887e9dec6cb31fcb9948299de5b2db38144e66403b9660c9548a67abd92", size = 11819133, upload-time = "2025-07-24T13:25:56.369Z" },
    { url = "https://files.pythonhosted.org/packages/f8/fc/c6b65cd0e7fbe60f17e7ad619dca796aa49fbca34bb9bea5f8faf1ec2643/ruff-0.12.5-py3-none-macosx_10_12_x86_64.whl", hash = "sha256:d1ab65e7d8152f519e7dea4de892317c9da7a108da1c56b6a3c1d5e7cf4c5e9a", size = 12501114, upload-time = "2025-07-24T13:25:59.471Z" },
    { url = "https://files.pythonhosted.org/packages/c5/de/c6bec1dce5ead9f9e6a946ea15e8d698c35f19edc508289d70a577921b30/ruff-0.12.5-py3-none-macosx_11_0_arm64.whl", hash = "sha256:962775ed5b27c7aa3fdc0d8f4d4433deae7659ef99ea20f783d666e77338b8cf", size = 11716873, upload-time = "2025-07-24T13:26:01.496Z" },
    { url = "https://files.pythonhosted.org/packages/a1/16/cf372d2ebe91e4eb5b82a2275c3acfa879e0566a7ac94d331ea37b765ac8/ruff-0.12.5-py3-none-manylinux_2_17_aarch64.manylinux2014_aarch64.whl", hash = "sha256:73b4cae449597e7195a49eb1cdca89fd9fbb16140c7579899e87f4c85bf82f73", size = 11958829, upload-time = "2025-07-24T13:26:03.721Z" },
    { url = "https://files.pythonhosted.org/packages/25/bf/cd07e8f6a3a6ec746c62556b4c4b79eeb9b0328b362bb8431b7b8afd3856/ruff-0.12.5-py3-none-manylinux_2_17_armv7l.manylinux2014_armv7l.whl", hash = "sha256:8b13489c3dc50de5e2d40110c0cce371e00186b880842e245186ca862bf9a1ac", size = 11626619, upload-time = "2025-07-24T13:26:06.118Z" },
    { url = "https://files.pythonhosted.org/packages/d8/c9/c2ccb3b8cbb5661ffda6925f81a13edbb786e623876141b04919d1128370/ruff-0.12.5-py3-none-manylinux_2_17_i686.manylinux2014_i686.whl", hash = "sha256:f1504fea81461cf4841778b3ef0a078757602a3b3ea4b008feb1308cb3f23e08", size = 13221894, upload-time = "2025-07-24T13:26:08.292Z" },
    { url = "https://files.pythonhosted.org/packages/6b/58/68a5be2c8e5590ecdad922b2bcd5583af19ba648f7648f95c51c3c1eca81/ruff-0.12.5-py3-none-manylinux_2_17_ppc64.manylinux2014_ppc64.whl", hash = "sha256:c7da4129016ae26c32dfcbd5b671fe652b5ab7fc40095d80dcff78175e7eddd4", size = 14163909, upload-time = "2025-07-24T13:26:10.474Z" },
    { url = "https://files.pythonhosted.org/packages/bd/d1/ef6b19622009ba8386fdb792c0743f709cf917b0b2f1400589cbe4739a33/ruff-0.12.5-py3-none-manylinux_2_17_ppc64le.manylinux2014_ppc64le.whl", hash = "sha256:ca972c80f7ebcfd8af75a0f18b17c42d9f1ef203d163669150453f50ca98ab7b", size = 13583652, upload-time = "2025-07-24T13:26:13.381Z" },
    { url = "https://files.pythonhosted.org/packages/62/e3/1c98c566fe6809a0c83751d825a03727f242cdbe0d142c9e292725585521/ruff-0.12.5-py3-none-manylinux_2_17_s390x.manylinux2014_s390x.whl", hash = "sha256:8dbbf9f25dfb501f4237ae7501d6364b76a01341c6f1b2cd6764fe449124bb2a", size = 12700451, upload-time = "2025-07-24T13:26:15.488Z" },
    { url = "https://files.pythonhosted.org/packages/24/ff/96058f6506aac0fbc0d0fc0d60b0d0bd746240a0594657a2d94ad28033ba/ruff-0.12.5-py3-none-manylinux_2_17_x86_64.manylinux2014_x86_64.whl", hash = "sha256:2c47dea6ae39421851685141ba9734767f960113d51e83fd7bb9958d5be8763a", size = 12937465, upload-time = "2025-07-24T13:26:17.808Z" },
    { url = "https://files.pythonhosted.org/packages/eb/d3/68bc5e7ab96c94b3589d1789f2dd6dd4b27b263310019529ac9be1e8f31b/ruff-0.12.5-py3-none-musllinux_1_2_aarch64.whl", hash = "sha256:c5076aa0e61e30f848846f0265c873c249d4b558105b221be1828f9f79903dc5", size = 11771136, upload-time = "2025-07-24T13:26:20.422Z" },
    { url = "https://files.pythonhosted.org/packages/52/75/7356af30a14584981cabfefcf6106dea98cec9a7af4acb5daaf4b114845f/ruff-0.12.5-py3-none-musllinux_1_2_armv7l.whl", hash = "sha256:a5a4c7830dadd3d8c39b1cc85386e2c1e62344f20766be6f173c22fb5f72f293", size = 11601644, upload-time = "2025-07-24T13:26:22.928Z" },
    { url = "https://files.pythonhosted.org/packages/c2/67/91c71d27205871737cae11025ee2b098f512104e26ffd8656fd93d0ada0a/ruff-0.12.5-py3-none-musllinux_1_2_i686.whl", hash = "sha256:46699f73c2b5b137b9dc0fc1a190b43e35b008b398c6066ea1350cce6326adcb", size = 12478068, upload-time = "2025-07-24T13:26:26.134Z" },
    { url = "https://files.pythonhosted.org/packages/34/04/b6b00383cf2f48e8e78e14eb258942fdf2a9bf0287fbf5cdd398b749193a/ruff-0.12.5-py3-none-musllinux_1_2_x86_64.whl", hash = "sha256:5a655a0a0d396f0f072faafc18ebd59adde8ca85fb848dc1b0d9f024b9c4d3bb", size = 12991537, upload-time = "2025-07-24T13:26:28.533Z" },
    { url = "https://files.pythonhosted.org/packages/3e/b9/053d6445dc7544fb6594785056d8ece61daae7214859ada4a152ad56b6e0/ruff-0.12.5-py3-none-win32.whl", hash = "sha256:dfeb2627c459b0b78ca2bbdc38dd11cc9a0a88bf91db982058b26ce41714ffa9", size = 11751575, upload-time = "2025-07-24T13:26:30.835Z" },
    { url = "https://files.pythonhosted.org/packages/bc/0f/ab16e8259493137598b9149734fec2e06fdeda9837e6f634f5c4e35916da/ruff-0.12.5-py3-none-win_amd64.whl", hash = "sha256:ae0d90cf5f49466c954991b9d8b953bd093c32c27608e409ae3564c63c5306a5", size = 12882273, upload-time = "2025-07-24T13:26:32.929Z" },
    { url = "https://files.pythonhosted.org/packages/00/db/c376b0661c24cf770cb8815268190668ec1330eba8374a126ceef8c72d55/ruff-0.12.5-py3-none-win_arm64.whl", hash = "sha256:48cdbfc633de2c5c37d9f090ba3b352d1576b0015bfc3bc98eaf230275b7e805", size = 11951564, upload-time = "2025-07-24T13:26:34.994Z" },
]

[[package]]
name = "toml"
version = "0.10.2"
source = { registry = "https://pypi.org/simple" }
sdist = { url = "https://files.pythonhosted.org/packages/be/ba/1f744cdc819428fc6b5084ec34d9b30660f6f9daaf70eead706e3203ec3c/toml-0.10.2.tar.gz", hash = "sha256:b3bda1d108d5dd99f4a20d24d9c348e91c4db7ab1b749200bded2f839ccbe68f", size = 22253, upload-time = "2020-11-01T01:40:22.204Z" }
wheels = [
    { url = "https://files.pythonhosted.org/packages/44/6f/7120676b6d73228c96e17f1f794d8ab046fc910d781c8d151120c3f1569e/toml-0.10.2-py2.py3-none-any.whl", hash = "sha256:806143ae5bfb6a3c6e736a764057db0e6a0e05e338b5630894a5f779cabb4f9b", size = 16588, upload-time = "2020-11-01T01:40:20.672Z" },
]

[[package]]
name = "types-pyyaml"
version = "6.0.12.20250516"
source = { registry = "https://pypi.org/simple" }
sdist = { url = "https://files.pythonhosted.org/packages/4e/22/59e2aeb48ceeee1f7cd4537db9568df80d62bdb44a7f9e743502ea8aab9c/types_pyyaml-6.0.12.20250516.tar.gz", hash = "sha256:9f21a70216fc0fa1b216a8176db5f9e0af6eb35d2f2932acb87689d03a5bf6ba", size = 17378, upload-time = "2025-05-16T03:08:04.897Z" }
wheels = [
    { url = "https://files.pythonhosted.org/packages/99/5f/e0af6f7f6a260d9af67e1db4f54d732abad514252a7a378a6c4d17dd1036/types_pyyaml-6.0.12.20250516-py3-none-any.whl", hash = "sha256:8478208feaeb53a34cb5d970c56a7cd76b72659442e733e268a94dc72b2d0530", size = 20312, upload-time = "2025-05-16T03:08:04.019Z" },
]

[[package]]
name = "types-toml"
version = "0.10.8.20240310"
source = { registry = "https://pypi.org/simple" }
sdist = { url = "https://files.pythonhosted.org/packages/86/47/3e4c75042792bff8e90d7991aa5c51812cc668828cc6cce711e97f63a607/types-toml-0.10.8.20240310.tar.gz", hash = "sha256:3d41501302972436a6b8b239c850b26689657e25281b48ff0ec06345b8830331", size = 4392, upload-time = "2024-03-10T02:18:37.518Z" }
wheels = [
    { url = "https://files.pythonhosted.org/packages/da/a2/d32ab58c0b216912638b140ab2170ee4b8644067c293b170e19fba340ccc/types_toml-0.10.8.20240310-py3-none-any.whl", hash = "sha256:627b47775d25fa29977d9c70dc0cbab3f314f32c8d8d0c012f2ef5de7aaec05d", size = 4777, upload-time = "2024-03-10T02:18:36.568Z" },
]

[[package]]
name = "virtualenv"
version = "20.29.2"
source = { registry = "https://pypi.org/simple" }
dependencies = [
    { name = "distlib" },
    { name = "filelock" },
    { name = "platformdirs" },
]
sdist = { url = "https://files.pythonhosted.org/packages/f1/88/dacc875dd54a8acadb4bcbfd4e3e86df8be75527116c91d8f9784f5e9cab/virtualenv-20.29.2.tar.gz", hash = "sha256:fdaabebf6d03b5ba83ae0a02cfe96f48a716f4fae556461d180825866f75b728", size = 4320272, upload-time = "2025-02-10T19:03:53.117Z" }
wheels = [
    { url = "https://files.pythonhosted.org/packages/93/fa/849483d56773ae29740ae70043ad88e068f98a6401aa819b5d6bee604683/virtualenv-20.29.2-py3-none-any.whl", hash = "sha256:febddfc3d1ea571bdb1dc0f98d7b45d24def7428214d4fb73cc486c9568cce6a", size = 4301478, upload-time = "2025-02-10T19:03:48.221Z" },
]

[[package]]
name = "yarl"
version = "1.9.4"
source = { registry = "https://pypi.org/simple" }
dependencies = [
    { name = "idna" },
    { name = "multidict" },
]
sdist = { url = "https://files.pythonhosted.org/packages/e0/ad/bedcdccbcbf91363fd425a948994f3340924145c2bc8ccb296f4a1e52c28/yarl-1.9.4.tar.gz", hash = "sha256:566db86717cf8080b99b58b083b773a908ae40f06681e87e589a976faf8246bf", size = 141869, upload-time = "2023-12-06T12:53:04.652Z" }
wheels = [
    { url = "https://files.pythonhosted.org/packages/7b/cd/a921122610dedfed94e494af18e85aae23e93274c00ca464cfc591c8f4fb/yarl-1.9.4-cp312-cp312-macosx_10_9_universal2.whl", hash = "sha256:0d2454f0aef65ea81037759be5ca9947539667eecebca092733b2eb43c965a81", size = 129561, upload-time = "2023-12-06T12:50:56.081Z" },
    { url = "https://files.pythonhosted.org/packages/7c/a0/887c93020c788f249c24eaab288c46e5fed4d2846080eaf28ed3afc36e8d/yarl-1.9.4-cp312-cp312-macosx_10_9_x86_64.whl", hash = "sha256:44d8ffbb9c06e5a7f529f38f53eda23e50d1ed33c6c869e01481d3fafa6b8142", size = 81595, upload-time = "2023-12-06T12:50:57.786Z" },
    { url = "https://files.pythonhosted.org/packages/54/99/ed3c92c38f421ba6e36caf6aa91c34118771d252dce800118fa2f44d7962/yarl-1.9.4-cp312-cp312-macosx_11_0_arm64.whl", hash = "sha256:aaaea1e536f98754a6e5c56091baa1b6ce2f2700cc4a00b0d49eca8dea471074", size = 79400, upload-time = "2023-12-06T12:50:59.518Z" },
    { url = "https://files.pythonhosted.org/packages/ea/45/65801be625ef939acc8b714cf86d4a198c0646e80dc8970359d080c47204/yarl-1.9.4-cp312-cp312-manylinux_2_17_aarch64.manylinux2014_aarch64.whl", hash = "sha256:3777ce5536d17989c91696db1d459574e9a9bd37660ea7ee4d3344579bb6f129", size = 317397, upload-time = "2023-12-06T12:51:01.711Z" },
    { url = "https://files.pythonhosted.org/packages/06/91/9696601a8ba674c8f0c15035cc9e94ca31f541330364adcfd5a399f598bf/yarl-1.9.4-cp312-cp312-manylinux_2_17_ppc64le.manylinux2014_ppc64le.whl", hash = "sha256:9fc5fc1eeb029757349ad26bbc5880557389a03fa6ada41703db5e068881e5f2", size = 327246, upload-time = "2023-12-06T12:51:04.251Z" },
    { url = "https://files.pythonhosted.org/packages/da/3e/bf25177b3618889bf067aacf01ef54e910cd569d14e2f84f5e7bec23bb82/yarl-1.9.4-cp312-cp312-manylinux_2_17_s390x.manylinux2014_s390x.whl", hash = "sha256:ea65804b5dc88dacd4a40279af0cdadcfe74b3e5b4c897aa0d81cf86927fee78", size = 327321, upload-time = "2023-12-06T12:51:06.594Z" },
    { url = "https://files.pythonhosted.org/packages/28/1c/bdb3411467b805737dd2720b85fd082e49f59bf0cc12dc1dfcc80ab3d274/yarl-1.9.4-cp312-cp312-manylinux_2_17_x86_64.manylinux2014_x86_64.whl", hash = "sha256:aa102d6d280a5455ad6a0f9e6d769989638718e938a6a0a2ff3f4a7ff8c62cc4", size = 322424, upload-time = "2023-12-06T12:51:08.727Z" },
    { url = "https://files.pythonhosted.org/packages/41/e9/53bc89f039df2824a524a2aa03ee0bfb8f0585b08949e7521f5eab607085/yarl-1.9.4-cp312-cp312-manylinux_2_5_i686.manylinux1_i686.manylinux_2_17_i686.manylinux2014_i686.whl", hash = "sha256:09efe4615ada057ba2d30df871d2f668af661e971dfeedf0c159927d48bbeff0", size = 310868, upload-time = "2023-12-06T12:51:11.18Z" },
    { url = "https://files.pythonhosted.org/packages/79/cd/a78c3b0304a4a970b5ae3993f4f5f649443bc8bfa5622f244aed44c810ed/yarl-1.9.4-cp312-cp312-musllinux_1_1_aarch64.whl", hash = "sha256:008d3e808d03ef28542372d01057fd09168419cdc8f848efe2804f894ae03e51", size = 323452, upload-time = "2023-12-06T12:51:13.382Z" },
    { url = "https://files.pythonhosted.org/packages/2e/5e/1c78eb05ae0efae08498fd7ab939435a29f12c7f161732e7fe327e5b8ca1/yarl-1.9.4-cp312-cp312-musllinux_1_1_i686.whl", hash = "sha256:6f5cb257bc2ec58f437da2b37a8cd48f666db96d47b8a3115c29f316313654ff", size = 313554, upload-time = "2023-12-06T12:51:15.812Z" },
    { url = "https://files.pythonhosted.org/packages/04/e0/0029563a8434472697aebb269fdd2ffc8a19e3840add1d5fa169ec7c56e3/yarl-1.9.4-cp312-cp312-musllinux_1_1_ppc64le.whl", hash = "sha256:992f18e0ea248ee03b5a6e8b3b4738850ae7dbb172cc41c966462801cbf62cf7", size = 331029, upload-time = "2023-12-06T12:51:18.066Z" },
    { url = "https://files.pythonhosted.org/packages/de/1b/7e6b1ad42ccc0ed059066a7ae2b6fd4bce67795d109a99ccce52e9824e96/yarl-1.9.4-cp312-cp312-musllinux_1_1_s390x.whl", hash = "sha256:0e9d124c191d5b881060a9e5060627694c3bdd1fe24c5eecc8d5d7d0eb6faabc", size = 333839, upload-time = "2023-12-06T12:51:19.991Z" },
    { url = "https://files.pythonhosted.org/packages/85/8a/c364d6e2eeb4e128a5ee9a346fc3a09aa76739c0c4e2a7305989b54f174b/yarl-1.9.4-cp312-cp312-musllinux_1_1_x86_64.whl", hash = "sha256:3986b6f41ad22988e53d5778f91855dc0399b043fc8946d4f2e68af22ee9ff10", size = 328251, upload-time = "2023-12-06T12:51:22.047Z" },
    { url = "https://files.pythonhosted.org/packages/ec/9d/0da94b33b9fb89041e10f95a14a55b0fef36c60b6a1d5ff85a0c2ecb1a97/yarl-1.9.4-cp312-cp312-win32.whl", hash = "sha256:4b21516d181cd77ebd06ce160ef8cc2a5e9ad35fb1c5930882baff5ac865eee7", size = 70195, upload-time = "2023-12-06T12:51:24.441Z" },
    { url = "https://files.pythonhosted.org/packages/c5/f4/2fdc5a11503bc61818243653d836061c9ce0370e2dd9ac5917258a007675/yarl-1.9.4-cp312-cp312-win_amd64.whl", hash = "sha256:a9bd00dc3bc395a662900f33f74feb3e757429e545d831eef5bb280252631984", size = 76397, upload-time = "2023-12-06T12:51:26.722Z" },
    { url = "https://files.pythonhosted.org/packages/4d/05/4d79198ae568a92159de0f89e710a8d19e3fa267b719a236582eee921f4a/yarl-1.9.4-py3-none-any.whl", hash = "sha256:928cecb0ef9d5a7946eb6ff58417ad2fe9375762382f1bf5c55e61645f2c43ad", size = 31638, upload-time = "2023-12-06T12:53:02.709Z" },
]
